
Microsoft Visual Studio Solution File, Format Version 12.00
# Visual Studio 14
VisualStudioVersion = 14.0.24720.0
MinimumVisualStudioVersion = 10.0.40219.1
Project("{FAE04EC0-301F-11D3-BF4B-00C04F79EFBC}") = "HungarianAlgorithm", "HungarianAlgorithm\HungarianAlgorithm.csproj", "{64DE6183-B6E9-4A33-8DB9-B9A3D44990E6}"
EndProject
Project("{FAE04EC0-301F-11D3-BF4B-00C04F79EFBC}") = "HungarianAlgorithmTests", "HungarianAlgorithmTests\HungarianAlgorithmTests.csproj", "{77CB2ACD-D47E-42FF-8A20-7BA9CF52E8A3}"
EndProject
Global
	GlobalSection(SolutionConfigurationPlatforms) = preSolution
		Debug|Any CPU = Debug|Any CPU
		Release|Any CPU = Release|Any CPU
	EndGlobalSection
	GlobalSection(ProjectConfigurationPlatforms) = postSolution
		{64DE6183-B6E9-4A33-8DB9-B9A3D44990E6}.Debug|Any CPU.ActiveCfg = Debug|Any CPU
		{64DE6183-B6E9-4A33-8DB9-B9A3D44990E6}.Debug|Any CPU.Build.0 = Debug|Any CPU
		{64DE6183-B6E9-4A33-8DB9-B9A3D44990E6}.Release|Any CPU.ActiveCfg = Release|Any CPU
		{64DE6183-B6E9-4A33-8DB9-B9A3D44990E6}.Release|Any CPU.Build.0 = Release|Any CPU
		{77CB2ACD-D47E-42FF-8A20-7BA9CF52E8A3}.Debug|Any CPU.ActiveCfg = Debug|Any CPU
		{77CB2ACD-D47E-42FF-8A20-7BA9CF52E8A3}.Debug|Any CPU.Build.0 = Debug|Any CPU
		{77CB2ACD-D47E-42FF-8A20-7BA9CF52E8A3}.Release|Any CPU.ActiveCfg = Release|Any CPU
		{77CB2ACD-D47E-42FF-8A20-7BA9CF52E8A3}.Release|Any CPU.Build.0 = Release|Any CPU
	EndGlobalSection
	GlobalSection(SolutionProperties) = preSolution
		HideSolutionNode = FALSE
	EndGlobalSection
EndGlobal
